
Microsoft Visual Studio Solution File, Format Version 12.00
# Visual Studio Version 17
VisualStudioVersion = 17.1.32328.378
MinimumVisualStudioVersion = 10.0.40219.1
Project("{2150E333-8FDC-42A3-9474-1A3956D46DE8}") = "Avalonia", "Avalonia", "{37D7C04C-D78F-4872-91F1-BD8F7E9EF8F6}"
EndProject
Project("{2150E333-8FDC-42A3-9474-1A3956D46DE8}") = "Skia", "Skia", "{DFF02FBC-7827-409F-8DD3-6E403833B7FB}"
EndProject
Project("{2150E333-8FDC-42A3-9474-1A3956D46DE8}") = "Markup", "Markup", "{F393210A-6AD1-44A3-BFAC-D9224F85C6A9}"
EndProject
Project("{9A19103F-16F7-4668-BE54-9A1E7A4F7556}") = "Avalonia.Markup", "Avalonia\src\Markup\Avalonia.Markup\Avalonia.Markup.csproj", "{84F36E6E-00E6-47F7-AB89-8129EF0AEB78}"
EndProject
Project("{9A19103F-16F7-4668-BE54-9A1E7A4F7556}") = "Avalonia.Markup.Xaml", "Avalonia\src\Markup\Avalonia.Markup.Xaml\Avalonia.Markup.Xaml.csproj", "{7FFD51E1-27CA-4861-AF3F-05A65CB49C98}"
EndProject
Project("{9A19103F-16F7-4668-BE54-9A1E7A4F7556}") = "Avalonia.Markup.Xaml.Loader", "Avalonia\src\Markup\Avalonia.Markup.Xaml.Loader\Avalonia.Markup.Xaml.Loader.csproj", "{42CEFA42-76F2-406F-BC10-5D94A5638108}"
EndProject
Project("{2150E333-8FDC-42A3-9474-1A3956D46DE8}") = "Shared", "Shared", "{6D74673B-E014-44C2-85AE-FD0DF301EB34}"
EndProject
Project("{2150E333-8FDC-42A3-9474-1A3956D46DE8}") = "Linux", "Linux", "{B8400A12-C690-4152-87F8-60E38DB37C0D}"
EndProject
Project("{9A19103F-16F7-4668-BE54-9A1E7A4F7556}") = "Avalonia.LinuxFramebuffer", "Avalonia\src\Linux\Avalonia.LinuxFramebuffer\Avalonia.LinuxFramebuffer.csproj", "{35876555-5CC6-467B-A469-118A8F2222BF}"
EndProject
Project("{9A19103F-16F7-4668-BE54-9A1E7A4F7556}") = "Avalonia.X11", "Avalonia\src\Avalonia.X11\Avalonia.X11.csproj", "{A90F40B9-2368-4C8C-A1AC-DB293AC5CCF7}"
EndProject
Project("{9A19103F-16F7-4668-BE54-9A1E7A4F7556}") = "Avalonia.Skia", "Avalonia\src\Skia\Avalonia.Skia\Avalonia.Skia.csproj", "{B060E15A-FEBD-4C00-8640-31C56752E3F9}"
EndProject
Project("{2150E333-8FDC-42A3-9474-1A3956D46DE8}") = "Web", "Web", "{97149F1D-D17C-4B29-8513-4CFD77E88267}"
EndProject
Project("{9A19103F-16F7-4668-BE54-9A1E7A4F7556}") = "Avalonia.Web.Blazor", "Avalonia\src\Web\Avalonia.Web.Blazor\Avalonia.Web.Blazor.csproj", "{F4CCC12A-6621-4DA5-B537-1E6B397BF402}"
EndProject
Project("{2150E333-8FDC-42A3-9474-1A3956D46DE8}") = "Windows", "Windows", "{2EBFCC29-B5D9-4DA0-AC4F-3A3AA97FDA65}"
EndProject
Project("{9A19103F-16F7-4668-BE54-9A1E7A4F7556}") = "Avalonia.Direct2D1", "Avalonia\src\Windows\Avalonia.Direct2D1\Avalonia.Direct2D1.csproj", "{03ADE940-BB69-4056-ADED-0773CC9FB4F0}"
EndProject
Project("{9A19103F-16F7-4668-BE54-9A1E7A4F7556}") = "Avalonia.Win32", "Avalonia\src\Windows\Avalonia.Win32\Avalonia.Win32.csproj", "{8E7CA376-90BA-4CA7-90FE-834E0A4BB917}"
EndProject
Project("{9A19103F-16F7-4668-BE54-9A1E7A4F7556}") = "Avalonia.Win32.Interop", "Avalonia\src\Windows\Avalonia.Win32.Interop\Avalonia.Win32.Interop.csproj", "{5B52AA21-88B5-465C-8A26-598B771D4A29}"
EndProject
Project("{9A19103F-16F7-4668-BE54-9A1E7A4F7556}") = "_build", "Avalonia\nukebuild\_build.csproj", "{22A6B121-2030-40B4-A5D6-69E841AEED2F}"
EndProject
Project("{9A19103F-16F7-4668-BE54-9A1E7A4F7556}") = "Avalonia.Animation", "Avalonia\src\Avalonia.Animation\Avalonia.Animation.csproj", "{F20E095A-9A57-4125-BAC3-849277D8B4F5}"
EndProject
Project("{9A19103F-16F7-4668-BE54-9A1E7A4F7556}") = "Avalonia.Base", "Avalonia\src\Avalonia.Base\Avalonia.Base.csproj", "{CECD43C9-7C04-45CB-AF02-D25FDF748FF3}"
EndProject
Project("{9A19103F-16F7-4668-BE54-9A1E7A4F7556}") = "Avalonia.Build.Tasks", "Avalonia\src\Avalonia.Build.Tasks\Avalonia.Build.Tasks.csproj", "{6C1CE191-BF5A-43E9-A21F-1A6F14D69416}"
EndProject
Project("{9A19103F-16F7-4668-BE54-9A1E7A4F7556}") = "Avalonia.Controls", "Avalonia\src\Avalonia.Controls\Avalonia.Controls.csproj", "{B4F85657-2923-46EC-84AD-7AA1C60C861B}"
EndProject
Project("{9A19103F-16F7-4668-BE54-9A1E7A4F7556}") = "Avalonia.Controls.DataGrid", "Avalonia\src\Avalonia.Controls.DataGrid\Avalonia.Controls.DataGrid.csproj", "{D4D43E89-09F6-49B5-9F00-5E9AE971D8AF}"
EndProject
Project("{9A19103F-16F7-4668-BE54-9A1E7A4F7556}") = "Avalonia.DesignerSupport", "Avalonia\src\Avalonia.DesignerSupport\Avalonia.DesignerSupport.csproj", "{A5475A7D-557B-468F-8CB1-5C943143D389}"
EndProject
Project("{9A19103F-16F7-4668-BE54-9A1E7A4F7556}") = "Avalonia.Diagnostics", "Avalonia\src\Avalonia.Diagnostics\Avalonia.Diagnostics.csproj", "{C6FD1C95-8209-4409-9CBF-77D8CD557F32}"
EndProject
Project("{9A19103F-16F7-4668-BE54-9A1E7A4F7556}") = "Avalonia.Dialogs", "Avalonia\src\Avalonia.Dialogs\Avalonia.Dialogs.csproj", "{E2B9C937-96AA-48B1-9789-1AD6D4192D98}"
EndProject
Project("{9A19103F-16F7-4668-BE54-9A1E7A4F7556}") = "Avalonia.FreeDesktop", "Avalonia\src\Avalonia.FreeDesktop\Avalonia.FreeDesktop.csproj", "{0C98C515-FDD3-4C11-BB7E-31C9B8031490}"
EndProject
Project("{9A19103F-16F7-4668-BE54-9A1E7A4F7556}") = "Avalonia.Headless", "Avalonia\src\Avalonia.Headless\Avalonia.Headless.csproj", "{2DD090E0-E24F-48BE-9E8A-65F122C63DDD}"
EndProject
Project("{9A19103F-16F7-4668-BE54-9A1E7A4F7556}") = "Avalonia.Headless.Vnc", "Avalonia\src\Avalonia.Headless.Vnc\Avalonia.Headless.Vnc.csproj", "{42F167F8-8A3B-4AC1-8298-67C38AF05651}"
EndProject
Project("{9A19103F-16F7-4668-BE54-9A1E7A4F7556}") = "Avalonia.Input", "Avalonia\src\Avalonia.Input\Avalonia.Input.csproj", "{47C88A81-B592-4503-924B-87789A0BB0B4}"
EndProject
Project("{9A19103F-16F7-4668-BE54-9A1E7A4F7556}") = "Avalonia.Interactivity", "Avalonia\src\Avalonia.Interactivity\Avalonia.Interactivity.csproj", "{FB1DFBA5-BC0E-4A23-8F27-F33BCE739371}"
EndProject
Project("{9A19103F-16F7-4668-BE54-9A1E7A4F7556}") = "Avalonia.Layout", "Avalonia\src\Avalonia.Layout\Avalonia.Layout.csproj", "{43E3741D-E1D5-444A-9C43-2FAE06A19F36}"
EndProject
Project("{9A19103F-16F7-4668-BE54-9A1E7A4F7556}") = "Avalonia.MicroCom", "Avalonia\src\Avalonia.MicroCom\Avalonia.MicroCom.csproj", "{B4153767-EB31-41F9-B4B1-112D88A63ACB}"
EndProject
Project("{9A19103F-16F7-4668-BE54-9A1E7A4F7556}") = "Avalonia.Native", "Avalonia\src\Avalonia.Native\Avalonia.Native.csproj", "{953BED01-83F5-49E5-A6EC-61528812643A}"
EndProject
Project("{9A19103F-16F7-4668-BE54-9A1E7A4F7556}") = "Avalonia.OpenGL", "Avalonia\src\Avalonia.OpenGL\Avalonia.OpenGL.csproj", "{7F2A7FAC-D9E7-418D-BDE4-C325F7AD268B}"
EndProject
Project("{9A19103F-16F7-4668-BE54-9A1E7A4F7556}") = "Avalonia.PlatformSupport", "Avalonia\src\Avalonia.PlatformSupport\Avalonia.PlatformSupport.csproj", "{FEEC464E-CAD9-447E-83F6-7C2D8EEDDDF2}"
EndProject
Project("{9A19103F-16F7-4668-BE54-9A1E7A4F7556}") = "Avalonia.ReactiveUI", "Avalonia\src\Avalonia.ReactiveUI\Avalonia.ReactiveUI.csproj", "{8978D9A7-BF6E-4CA2-9EB9-64737B2B9436}"
EndProject
Project("{9A19103F-16F7-4668-BE54-9A1E7A4F7556}") = "Avalonia.Remote.Protocol", "Avalonia\src\Avalonia.Remote.Protocol\Avalonia.Remote.Protocol.csproj", "{ABF6E90B-2D38-4EB0-B4E2-5AEDB1E8ACD2}"
EndProject
Project("{9A19103F-16F7-4668-BE54-9A1E7A4F7556}") = "Avalonia.Styling", "Avalonia\src\Avalonia.Styling\Avalonia.Styling.csproj", "{F2C0B098-F1EA-40C2-B5C7-55FA9132D2E3}"
EndProject
Project("{9A19103F-16F7-4668-BE54-9A1E7A4F7556}") = "Avalonia.Themes.Default", "Avalonia\src\Avalonia.Themes.Default\Avalonia.Themes.Default.csproj", "{AB5A5410-B702-4F31-A4F7-6112F5BE4DFF}"
EndProject
Project("{9A19103F-16F7-4668-BE54-9A1E7A4F7556}") = "Avalonia.Themes.Fluent", "Avalonia\src\Avalonia.Themes.Fluent\Avalonia.Themes.Fluent.csproj", "{9A78C87C-DB6B-4A02-BBA2-4B7D2187F148}"
EndProject
Project("{9A19103F-16F7-4668-BE54-9A1E7A4F7556}") = "Avalonia.Visuals", "Avalonia\src\Avalonia.Visuals\Avalonia.Visuals.csproj", "{E88326E3-AAC5-4B2B-B9B6-414CB0047E02}"
EndProject
Project("{2150E333-8FDC-42A3-9474-1A3956D46DE8}") = "Tools", "Tools", "{ED350D15-C2F3-4FC2-AE59-18ABEFF8DF1D}"
EndProject
Project("{9A19103F-16F7-4668-BE54-9A1E7A4F7556}") = "DevAnalyzers", "Avalonia\src\tools\DevAnalyzers\DevAnalyzers.csproj", "{85002D2E-481A-4F18-93AA-B2F61DD47C2B}"
EndProject
Project("{9A19103F-16F7-4668-BE54-9A1E7A4F7556}") = "Avalonia.Designer.HostApp", "Avalonia\src\tools\Avalonia.Designer.HostApp\Avalonia.Designer.HostApp.csproj", "{2F106A18-326F-4E28-A60D-587C53066AC8}"
EndProject
Project("{9A19103F-16F7-4668-BE54-9A1E7A4F7556}") = "HelloAvalonia", "HelloAvalonia\HelloAvalonia.csproj", "{5CC26AC0-CAB1-48B2-BE74-5AF6ACC850F4}"
EndProject
Project("{9A19103F-16F7-4668-BE54-9A1E7A4F7556}") = "HelloAvalonia.Desktop", "HelloAvalonia.Desktop\HelloAvalonia.Desktop.csproj", "{98BFBAB2-054E-49D4-BD54-BE9BB1381F6E}"
EndProject
Project("{2150E333-8FDC-42A3-9474-1A3956D46DE8}") = "Packages", "Packages", "{28608DE0-5B42-42AF-AEEF-A46988D8F9B4}"
EndProject
Project("{9A19103F-16F7-4668-BE54-9A1E7A4F7556}") = "Avalonia", "Avalonia\packages\Avalonia\Avalonia.csproj", "{57CD7C68-0509-4D7C-8D48-AA7F721DE1D1}"
EndProject
Project("{9A19103F-16F7-4668-BE54-9A1E7A4F7556}") = "Avalonia.Desktop", "Avalonia\src\Avalonia.Desktop\Avalonia.Desktop.csproj", "{40944ED4-D8B4-44E8-96E2-3D3FD8F8126A}"
EndProject
Project("{FAE04EC0-301F-11D3-BF4B-00C04F79EFBC}") = "HelloAvalonia.Web", "HelloAvalonia.Web\HelloAvalonia.Web.csproj", "{5F020F27-EE33-4AD3-B3A4-5E28C913EA83}"
EndProject
Global
	GlobalSection(SolutionConfigurationPlatforms) = preSolution
		Debug|Any CPU = Debug|Any CPU
		Release|Any CPU = Release|Any CPU
	EndGlobalSection
	GlobalSection(ProjectConfigurationPlatforms) = postSolution
		{84F36E6E-00E6-47F7-AB89-8129EF0AEB78}.Debug|Any CPU.ActiveCfg = Debug|Any CPU
		{84F36E6E-00E6-47F7-AB89-8129EF0AEB78}.Debug|Any CPU.Build.0 = Debug|Any CPU
		{84F36E6E-00E6-47F7-AB89-8129EF0AEB78}.Release|Any CPU.ActiveCfg = Release|Any CPU
		{84F36E6E-00E6-47F7-AB89-8129EF0AEB78}.Release|Any CPU.Build.0 = Release|Any CPU
		{7FFD51E1-27CA-4861-AF3F-05A65CB49C98}.Debug|Any CPU.ActiveCfg = Debug|Any CPU
		{7FFD51E1-27CA-4861-AF3F-05A65CB49C98}.Debug|Any CPU.Build.0 = Debug|Any CPU
		{7FFD51E1-27CA-4861-AF3F-05A65CB49C98}.Release|Any CPU.ActiveCfg = Release|Any CPU
		{7FFD51E1-27CA-4861-AF3F-05A65CB49C98}.Release|Any CPU.Build.0 = Release|Any CPU
		{42CEFA42-76F2-406F-BC10-5D94A5638108}.Debug|Any CPU.ActiveCfg = Debug|Any CPU
		{42CEFA42-76F2-406F-BC10-5D94A5638108}.Debug|Any CPU.Build.0 = Debug|Any CPU
		{42CEFA42-76F2-406F-BC10-5D94A5638108}.Release|Any CPU.ActiveCfg = Release|Any CPU
		{42CEFA42-76F2-406F-BC10-5D94A5638108}.Release|Any CPU.Build.0 = Release|Any CPU
		{35876555-5CC6-467B-A469-118A8F2222BF}.Debug|Any CPU.ActiveCfg = Debug|Any CPU
		{35876555-5CC6-467B-A469-118A8F2222BF}.Debug|Any CPU.Build.0 = Debug|Any CPU
		{35876555-5CC6-467B-A469-118A8F2222BF}.Release|Any CPU.ActiveCfg = Release|Any CPU
		{35876555-5CC6-467B-A469-118A8F2222BF}.Release|Any CPU.Build.0 = Release|Any CPU
		{A90F40B9-2368-4C8C-A1AC-DB293AC5CCF7}.Debug|Any CPU.ActiveCfg = Debug|Any CPU
		{A90F40B9-2368-4C8C-A1AC-DB293AC5CCF7}.Debug|Any CPU.Build.0 = Debug|Any CPU
		{A90F40B9-2368-4C8C-A1AC-DB293AC5CCF7}.Release|Any CPU.ActiveCfg = Release|Any CPU
		{A90F40B9-2368-4C8C-A1AC-DB293AC5CCF7}.Release|Any CPU.Build.0 = Release|Any CPU
		{B060E15A-FEBD-4C00-8640-31C56752E3F9}.Debug|Any CPU.ActiveCfg = Debug|Any CPU
		{B060E15A-FEBD-4C00-8640-31C56752E3F9}.Debug|Any CPU.Build.0 = Debug|Any CPU
		{B060E15A-FEBD-4C00-8640-31C56752E3F9}.Release|Any CPU.ActiveCfg = Release|Any CPU
		{B060E15A-FEBD-4C00-8640-31C56752E3F9}.Release|Any CPU.Build.0 = Release|Any CPU
		{F4CCC12A-6621-4DA5-B537-1E6B397BF402}.Debug|Any CPU.ActiveCfg = Debug|Any CPU
		{F4CCC12A-6621-4DA5-B537-1E6B397BF402}.Debug|Any CPU.Build.0 = Debug|Any CPU
		{F4CCC12A-6621-4DA5-B537-1E6B397BF402}.Release|Any CPU.ActiveCfg = Release|Any CPU
		{F4CCC12A-6621-4DA5-B537-1E6B397BF402}.Release|Any CPU.Build.0 = Release|Any CPU
		{03ADE940-BB69-4056-ADED-0773CC9FB4F0}.Debug|Any CPU.ActiveCfg = Debug|Any CPU
		{03ADE940-BB69-4056-ADED-0773CC9FB4F0}.Debug|Any CPU.Build.0 = Debug|Any CPU
		{03ADE940-BB69-4056-ADED-0773CC9FB4F0}.Release|Any CPU.ActiveCfg = Release|Any CPU
		{03ADE940-BB69-4056-ADED-0773CC9FB4F0}.Release|Any CPU.Build.0 = Release|Any CPU
		{8E7CA376-90BA-4CA7-90FE-834E0A4BB917}.Debug|Any CPU.ActiveCfg = Debug|Any CPU
		{8E7CA376-90BA-4CA7-90FE-834E0A4BB917}.Debug|Any CPU.Build.0 = Debug|Any CPU
		{8E7CA376-90BA-4CA7-90FE-834E0A4BB917}.Release|Any CPU.ActiveCfg = Release|Any CPU
		{8E7CA376-90BA-4CA7-90FE-834E0A4BB917}.Release|Any CPU.Build.0 = Release|Any CPU
		{5B52AA21-88B5-465C-8A26-598B771D4A29}.Debug|Any CPU.ActiveCfg = Debug|Any CPU
		{5B52AA21-88B5-465C-8A26-598B771D4A29}.Debug|Any CPU.Build.0 = Debug|Any CPU
		{5B52AA21-88B5-465C-8A26-598B771D4A29}.Release|Any CPU.ActiveCfg = Release|Any CPU
		{5B52AA21-88B5-465C-8A26-598B771D4A29}.Release|Any CPU.Build.0 = Release|Any CPU
		{22A6B121-2030-40B4-A5D6-69E841AEED2F}.Debug|Any CPU.ActiveCfg = Debug|Any CPU
		{22A6B121-2030-40B4-A5D6-69E841AEED2F}.Debug|Any CPU.Build.0 = Debug|Any CPU
		{22A6B121-2030-40B4-A5D6-69E841AEED2F}.Release|Any CPU.ActiveCfg = Release|Any CPU
		{22A6B121-2030-40B4-A5D6-69E841AEED2F}.Release|Any CPU.Build.0 = Release|Any CPU
		{F20E095A-9A57-4125-BAC3-849277D8B4F5}.Debug|Any CPU.ActiveCfg = Debug|Any CPU
		{F20E095A-9A57-4125-BAC3-849277D8B4F5}.Debug|Any CPU.Build.0 = Debug|Any CPU
		{F20E095A-9A57-4125-BAC3-849277D8B4F5}.Release|Any CPU.ActiveCfg = Release|Any CPU
		{F20E095A-9A57-4125-BAC3-849277D8B4F5}.Release|Any CPU.Build.0 = Release|Any CPU
		{CECD43C9-7C04-45CB-AF02-D25FDF748FF3}.Debug|Any CPU.ActiveCfg = Debug|Any CPU
		{CECD43C9-7C04-45CB-AF02-D25FDF748FF3}.Debug|Any CPU.Build.0 = Debug|Any CPU
		{CECD43C9-7C04-45CB-AF02-D25FDF748FF3}.Release|Any CPU.ActiveCfg = Release|Any CPU
		{CECD43C9-7C04-45CB-AF02-D25FDF748FF3}.Release|Any CPU.Build.0 = Release|Any CPU
		{6C1CE191-BF5A-43E9-A21F-1A6F14D69416}.Debug|Any CPU.ActiveCfg = Debug|Any CPU
		{6C1CE191-BF5A-43E9-A21F-1A6F14D69416}.Debug|Any CPU.Build.0 = Debug|Any CPU
		{6C1CE191-BF5A-43E9-A21F-1A6F14D69416}.Release|Any CPU.ActiveCfg = Release|Any CPU
		{6C1CE191-BF5A-43E9-A21F-1A6F14D69416}.Release|Any CPU.Build.0 = Release|Any CPU
		{B4F85657-2923-46EC-84AD-7AA1C60C861B}.Debug|Any CPU.ActiveCfg = Debug|Any CPU
		{B4F85657-2923-46EC-84AD-7AA1C60C861B}.Debug|Any CPU.Build.0 = Debug|Any CPU
		{B4F85657-2923-46EC-84AD-7AA1C60C861B}.Release|Any CPU.ActiveCfg = Release|Any CPU
		{B4F85657-2923-46EC-84AD-7AA1C60C861B}.Release|Any CPU.Build.0 = Release|Any CPU
		{D4D43E89-09F6-49B5-9F00-5E9AE971D8AF}.Debug|Any CPU.ActiveCfg = Debug|Any CPU
		{D4D43E89-09F6-49B5-9F00-5E9AE971D8AF}.Debug|Any CPU.Build.0 = Debug|Any CPU
		{D4D43E89-09F6-49B5-9F00-5E9AE971D8AF}.Release|Any CPU.ActiveCfg = Release|Any CPU
		{D4D43E89-09F6-49B5-9F00-5E9AE971D8AF}.Release|Any CPU.Build.0 = Release|Any CPU
		{A5475A7D-557B-468F-8CB1-5C943143D389}.Debug|Any CPU.ActiveCfg = Debug|Any CPU
		{A5475A7D-557B-468F-8CB1-5C943143D389}.Debug|Any CPU.Build.0 = Debug|Any CPU
		{A5475A7D-557B-468F-8CB1-5C943143D389}.Release|Any CPU.ActiveCfg = Release|Any CPU
		{A5475A7D-557B-468F-8CB1-5C943143D389}.Release|Any CPU.Build.0 = Release|Any CPU
		{C6FD1C95-8209-4409-9CBF-77D8CD557F32}.Debug|Any CPU.ActiveCfg = Debug|Any CPU
		{C6FD1C95-8209-4409-9CBF-77D8CD557F32}.Debug|Any CPU.Build.0 = Debug|Any CPU
		{C6FD1C95-8209-4409-9CBF-77D8CD557F32}.Release|Any CPU.ActiveCfg = Release|Any CPU
		{C6FD1C95-8209-4409-9CBF-77D8CD557F32}.Release|Any CPU.Build.0 = Release|Any CPU
		{E2B9C937-96AA-48B1-9789-1AD6D4192D98}.Debug|Any CPU.ActiveCfg = Debug|Any CPU
		{E2B9C937-96AA-48B1-9789-1AD6D4192D98}.Debug|Any CPU.Build.0 = Debug|Any CPU
		{E2B9C937-96AA-48B1-9789-1AD6D4192D98}.Release|Any CPU.ActiveCfg = Release|Any CPU
		{E2B9C937-96AA-48B1-9789-1AD6D4192D98}.Release|Any CPU.Build.0 = Release|Any CPU
		{0C98C515-FDD3-4C11-BB7E-31C9B8031490}.Debug|Any CPU.ActiveCfg = Debug|Any CPU
		{0C98C515-FDD3-4C11-BB7E-31C9B8031490}.Debug|Any CPU.Build.0 = Debug|Any CPU
		{0C98C515-FDD3-4C11-BB7E-31C9B8031490}.Release|Any CPU.ActiveCfg = Release|Any CPU
		{0C98C515-FDD3-4C11-BB7E-31C9B8031490}.Release|Any CPU.Build.0 = Release|Any CPU
		{2DD090E0-E24F-48BE-9E8A-65F122C63DDD}.Debug|Any CPU.ActiveCfg = Debug|Any CPU
		{2DD090E0-E24F-48BE-9E8A-65F122C63DDD}.Debug|Any CPU.Build.0 = Debug|Any CPU
		{2DD090E0-E24F-48BE-9E8A-65F122C63DDD}.Release|Any CPU.ActiveCfg = Release|Any CPU
		{2DD090E0-E24F-48BE-9E8A-65F122C63DDD}.Release|Any CPU.Build.0 = Release|Any CPU
		{42F167F8-8A3B-4AC1-8298-67C38AF05651}.Debug|Any CPU.ActiveCfg = Debug|Any CPU
		{42F167F8-8A3B-4AC1-8298-67C38AF05651}.Debug|Any CPU.Build.0 = Debug|Any CPU
		{42F167F8-8A3B-4AC1-8298-67C38AF05651}.Release|Any CPU.ActiveCfg = Release|Any CPU
		{42F167F8-8A3B-4AC1-8298-67C38AF05651}.Release|Any CPU.Build.0 = Release|Any CPU
		{47C88A81-B592-4503-924B-87789A0BB0B4}.Debug|Any CPU.ActiveCfg = Debug|Any CPU
		{47C88A81-B592-4503-924B-87789A0BB0B4}.Debug|Any CPU.Build.0 = Debug|Any CPU
		{47C88A81-B592-4503-924B-87789A0BB0B4}.Release|Any CPU.ActiveCfg = Release|Any CPU
		{47C88A81-B592-4503-924B-87789A0BB0B4}.Release|Any CPU.Build.0 = Release|Any CPU
		{FB1DFBA5-BC0E-4A23-8F27-F33BCE739371}.Debug|Any CPU.ActiveCfg = Debug|Any CPU
		{FB1DFBA5-BC0E-4A23-8F27-F33BCE739371}.Debug|Any CPU.Build.0 = Debug|Any CPU
		{FB1DFBA5-BC0E-4A23-8F27-F33BCE739371}.Release|Any CPU.ActiveCfg = Release|Any CPU
		{FB1DFBA5-BC0E-4A23-8F27-F33BCE739371}.Release|Any CPU.Build.0 = Release|Any CPU
		{43E3741D-E1D5-444A-9C43-2FAE06A19F36}.Debug|Any CPU.ActiveCfg = Debug|Any CPU
		{43E3741D-E1D5-444A-9C43-2FAE06A19F36}.Debug|Any CPU.Build.0 = Debug|Any CPU
		{43E3741D-E1D5-444A-9C43-2FAE06A19F36}.Release|Any CPU.ActiveCfg = Release|Any CPU
		{43E3741D-E1D5-444A-9C43-2FAE06A19F36}.Release|Any CPU.Build.0 = Release|Any CPU
		{B4153767-EB31-41F9-B4B1-112D88A63ACB}.Debug|Any CPU.ActiveCfg = Debug|Any CPU
		{B4153767-EB31-41F9-B4B1-112D88A63ACB}.Debug|Any CPU.Build.0 = Debug|Any CPU
		{B4153767-EB31-41F9-B4B1-112D88A63ACB}.Release|Any CPU.ActiveCfg = Release|Any CPU
		{B4153767-EB31-41F9-B4B1-112D88A63ACB}.Release|Any CPU.Build.0 = Release|Any CPU
		{953BED01-83F5-49E5-A6EC-61528812643A}.Debug|Any CPU.ActiveCfg = Debug|Any CPU
		{953BED01-83F5-49E5-A6EC-61528812643A}.Debug|Any CPU.Build.0 = Debug|Any CPU
		{953BED01-83F5-49E5-A6EC-61528812643A}.Release|Any CPU.ActiveCfg = Release|Any CPU
		{953BED01-83F5-49E5-A6EC-61528812643A}.Release|Any CPU.Build.0 = Release|Any CPU
		{7F2A7FAC-D9E7-418D-BDE4-C325F7AD268B}.Debug|Any CPU.ActiveCfg = Debug|Any CPU
		{7F2A7FAC-D9E7-418D-BDE4-C325F7AD268B}.Debug|Any CPU.Build.0 = Debug|Any CPU
		{7F2A7FAC-D9E7-418D-BDE4-C325F7AD268B}.Release|Any CPU.ActiveCfg = Release|Any CPU
		{7F2A7FAC-D9E7-418D-BDE4-C325F7AD268B}.Release|Any CPU.Build.0 = Release|Any CPU
		{FEEC464E-CAD9-447E-83F6-7C2D8EEDDDF2}.Debug|Any CPU.ActiveCfg = Debug|Any CPU
		{FEEC464E-CAD9-447E-83F6-7C2D8EEDDDF2}.Debug|Any CPU.Build.0 = Debug|Any CPU
		{FEEC464E-CAD9-447E-83F6-7C2D8EEDDDF2}.Release|Any CPU.ActiveCfg = Release|Any CPU
		{FEEC464E-CAD9-447E-83F6-7C2D8EEDDDF2}.Release|Any CPU.Build.0 = Release|Any CPU
		{8978D9A7-BF6E-4CA2-9EB9-64737B2B9436}.Debug|Any CPU.ActiveCfg = Debug|Any CPU
		{8978D9A7-BF6E-4CA2-9EB9-64737B2B9436}.Debug|Any CPU.Build.0 = Debug|Any CPU
		{8978D9A7-BF6E-4CA2-9EB9-64737B2B9436}.Release|Any CPU.ActiveCfg = Release|Any CPU
		{8978D9A7-BF6E-4CA2-9EB9-64737B2B9436}.Release|Any CPU.Build.0 = Release|Any CPU
		{ABF6E90B-2D38-4EB0-B4E2-5AEDB1E8ACD2}.Debug|Any CPU.ActiveCfg = Debug|Any CPU
		{ABF6E90B-2D38-4EB0-B4E2-5AEDB1E8ACD2}.Debug|Any CPU.Build.0 = Debug|Any CPU
		{ABF6E90B-2D38-4EB0-B4E2-5AEDB1E8ACD2}.Release|Any CPU.ActiveCfg = Release|Any CPU
		{ABF6E90B-2D38-4EB0-B4E2-5AEDB1E8ACD2}.Release|Any CPU.Build.0 = Release|Any CPU
		{F2C0B098-F1EA-40C2-B5C7-55FA9132D2E3}.Debug|Any CPU.ActiveCfg = Debug|Any CPU
		{F2C0B098-F1EA-40C2-B5C7-55FA9132D2E3}.Debug|Any CPU.Build.0 = Debug|Any CPU
		{F2C0B098-F1EA-40C2-B5C7-55FA9132D2E3}.Release|Any CPU.ActiveCfg = Release|Any CPU
		{F2C0B098-F1EA-40C2-B5C7-55FA9132D2E3}.Release|Any CPU.Build.0 = Release|Any CPU
		{AB5A5410-B702-4F31-A4F7-6112F5BE4DFF}.Debug|Any CPU.ActiveCfg = Debug|Any CPU
		{AB5A5410-B702-4F31-A4F7-6112F5BE4DFF}.Debug|Any CPU.Build.0 = Debug|Any CPU
		{AB5A5410-B702-4F31-A4F7-6112F5BE4DFF}.Release|Any CPU.ActiveCfg = Release|Any CPU
		{AB5A5410-B702-4F31-A4F7-6112F5BE4DFF}.Release|Any CPU.Build.0 = Release|Any CPU
		{9A78C87C-DB6B-4A02-BBA2-4B7D2187F148}.Debug|Any CPU.ActiveCfg = Debug|Any CPU
		{9A78C87C-DB6B-4A02-BBA2-4B7D2187F148}.Debug|Any CPU.Build.0 = Debug|Any CPU
		{9A78C87C-DB6B-4A02-BBA2-4B7D2187F148}.Release|Any CPU.ActiveCfg = Release|Any CPU
		{9A78C87C-DB6B-4A02-BBA2-4B7D2187F148}.Release|Any CPU.Build.0 = Release|Any CPU
		{E88326E3-AAC5-4B2B-B9B6-414CB0047E02}.Debug|Any CPU.ActiveCfg = Debug|Any CPU
		{E88326E3-AAC5-4B2B-B9B6-414CB0047E02}.Debug|Any CPU.Build.0 = Debug|Any CPU
		{E88326E3-AAC5-4B2B-B9B6-414CB0047E02}.Release|Any CPU.ActiveCfg = Release|Any CPU
		{E88326E3-AAC5-4B2B-B9B6-414CB0047E02}.Release|Any CPU.Build.0 = Release|Any CPU
		{85002D2E-481A-4F18-93AA-B2F61DD47C2B}.Debug|Any CPU.ActiveCfg = Debug|Any CPU
		{85002D2E-481A-4F18-93AA-B2F61DD47C2B}.Debug|Any CPU.Build.0 = Debug|Any CPU
		{85002D2E-481A-4F18-93AA-B2F61DD47C2B}.Release|Any CPU.ActiveCfg = Release|Any CPU
		{85002D2E-481A-4F18-93AA-B2F61DD47C2B}.Release|Any CPU.Build.0 = Release|Any CPU
		{2F106A18-326F-4E28-A60D-587C53066AC8}.Debug|Any CPU.ActiveCfg = Debug|Any CPU
		{2F106A18-326F-4E28-A60D-587C53066AC8}.Debug|Any CPU.Build.0 = Debug|Any CPU
		{2F106A18-326F-4E28-A60D-587C53066AC8}.Release|Any CPU.ActiveCfg = Release|Any CPU
		{2F106A18-326F-4E28-A60D-587C53066AC8}.Release|Any CPU.Build.0 = Release|Any CPU
		{5CC26AC0-CAB1-48B2-BE74-5AF6ACC850F4}.Debug|Any CPU.ActiveCfg = Debug|Any CPU
		{5CC26AC0-CAB1-48B2-BE74-5AF6ACC850F4}.Debug|Any CPU.Build.0 = Debug|Any CPU
		{5CC26AC0-CAB1-48B2-BE74-5AF6ACC850F4}.Release|Any CPU.ActiveCfg = Release|Any CPU
		{5CC26AC0-CAB1-48B2-BE74-5AF6ACC850F4}.Release|Any CPU.Build.0 = Release|Any CPU
		{98BFBAB2-054E-49D4-BD54-BE9BB1381F6E}.Debug|Any CPU.ActiveCfg = Debug|Any CPU
		{98BFBAB2-054E-49D4-BD54-BE9BB1381F6E}.Debug|Any CPU.Build.0 = Debug|Any CPU
		{98BFBAB2-054E-49D4-BD54-BE9BB1381F6E}.Release|Any CPU.ActiveCfg = Release|Any CPU
		{98BFBAB2-054E-49D4-BD54-BE9BB1381F6E}.Release|Any CPU.Build.0 = Release|Any CPU
		{57CD7C68-0509-4D7C-8D48-AA7F721DE1D1}.Debug|Any CPU.ActiveCfg = Debug|Any CPU
		{57CD7C68-0509-4D7C-8D48-AA7F721DE1D1}.Debug|Any CPU.Build.0 = Debug|Any CPU
		{57CD7C68-0509-4D7C-8D48-AA7F721DE1D1}.Release|Any CPU.ActiveCfg = Release|Any CPU
		{57CD7C68-0509-4D7C-8D48-AA7F721DE1D1}.Release|Any CPU.Build.0 = Release|Any CPU
		{40944ED4-D8B4-44E8-96E2-3D3FD8F8126A}.Debug|Any CPU.ActiveCfg = Debug|Any CPU
		{40944ED4-D8B4-44E8-96E2-3D3FD8F8126A}.Debug|Any CPU.Build.0 = Debug|Any CPU
		{40944ED4-D8B4-44E8-96E2-3D3FD8F8126A}.Release|Any CPU.ActiveCfg = Release|Any CPU
		{40944ED4-D8B4-44E8-96E2-3D3FD8F8126A}.Release|Any CPU.Build.0 = Release|Any CPU
		{5F020F27-EE33-4AD3-B3A4-5E28C913EA83}.Debug|Any CPU.ActiveCfg = Debug|Any CPU
		{5F020F27-EE33-4AD3-B3A4-5E28C913EA83}.Debug|Any CPU.Build.0 = Debug|Any CPU
		{5F020F27-EE33-4AD3-B3A4-5E28C913EA83}.Release|Any CPU.ActiveCfg = Release|Any CPU
		{5F020F27-EE33-4AD3-B3A4-5E28C913EA83}.Release|Any CPU.Build.0 = Release|Any CPU
	EndGlobalSection
	GlobalSection(SolutionProperties) = preSolution
		HideSolutionNode = FALSE
	EndGlobalSection
	GlobalSection(NestedProjects) = preSolution
		{DFF02FBC-7827-409F-8DD3-6E403833B7FB} = {37D7C04C-D78F-4872-91F1-BD8F7E9EF8F6}
		{F393210A-6AD1-44A3-BFAC-D9224F85C6A9} = {37D7C04C-D78F-4872-91F1-BD8F7E9EF8F6}
		{84F36E6E-00E6-47F7-AB89-8129EF0AEB78} = {F393210A-6AD1-44A3-BFAC-D9224F85C6A9}
		{7FFD51E1-27CA-4861-AF3F-05A65CB49C98} = {F393210A-6AD1-44A3-BFAC-D9224F85C6A9}
		{42CEFA42-76F2-406F-BC10-5D94A5638108} = {F393210A-6AD1-44A3-BFAC-D9224F85C6A9}
		{6D74673B-E014-44C2-85AE-FD0DF301EB34} = {37D7C04C-D78F-4872-91F1-BD8F7E9EF8F6}
		{B8400A12-C690-4152-87F8-60E38DB37C0D} = {6D74673B-E014-44C2-85AE-FD0DF301EB34}
		{35876555-5CC6-467B-A469-118A8F2222BF} = {B8400A12-C690-4152-87F8-60E38DB37C0D}
		{A90F40B9-2368-4C8C-A1AC-DB293AC5CCF7} = {B8400A12-C690-4152-87F8-60E38DB37C0D}
		{B060E15A-FEBD-4C00-8640-31C56752E3F9} = {DFF02FBC-7827-409F-8DD3-6E403833B7FB}
		{97149F1D-D17C-4B29-8513-4CFD77E88267} = {37D7C04C-D78F-4872-91F1-BD8F7E9EF8F6}
		{F4CCC12A-6621-4DA5-B537-1E6B397BF402} = {97149F1D-D17C-4B29-8513-4CFD77E88267}
		{2EBFCC29-B5D9-4DA0-AC4F-3A3AA97FDA65} = {37D7C04C-D78F-4872-91F1-BD8F7E9EF8F6}
		{03ADE940-BB69-4056-ADED-0773CC9FB4F0} = {2EBFCC29-B5D9-4DA0-AC4F-3A3AA97FDA65}
		{8E7CA376-90BA-4CA7-90FE-834E0A4BB917} = {2EBFCC29-B5D9-4DA0-AC4F-3A3AA97FDA65}
		{5B52AA21-88B5-465C-8A26-598B771D4A29} = {2EBFCC29-B5D9-4DA0-AC4F-3A3AA97FDA65}
		{22A6B121-2030-40B4-A5D6-69E841AEED2F} = {37D7C04C-D78F-4872-91F1-BD8F7E9EF8F6}
		{F20E095A-9A57-4125-BAC3-849277D8B4F5} = {37D7C04C-D78F-4872-91F1-BD8F7E9EF8F6}
		{CECD43C9-7C04-45CB-AF02-D25FDF748FF3} = {37D7C04C-D78F-4872-91F1-BD8F7E9EF8F6}
		{6C1CE191-BF5A-43E9-A21F-1A6F14D69416} = {37D7C04C-D78F-4872-91F1-BD8F7E9EF8F6}
		{B4F85657-2923-46EC-84AD-7AA1C60C861B} = {37D7C04C-D78F-4872-91F1-BD8F7E9EF8F6}
		{D4D43E89-09F6-49B5-9F00-5E9AE971D8AF} = {37D7C04C-D78F-4872-91F1-BD8F7E9EF8F6}
		{A5475A7D-557B-468F-8CB1-5C943143D389} = {37D7C04C-D78F-4872-91F1-BD8F7E9EF8F6}
		{C6FD1C95-8209-4409-9CBF-77D8CD557F32} = {37D7C04C-D78F-4872-91F1-BD8F7E9EF8F6}
		{E2B9C937-96AA-48B1-9789-1AD6D4192D98} = {37D7C04C-D78F-4872-91F1-BD8F7E9EF8F6}
		{0C98C515-FDD3-4C11-BB7E-31C9B8031490} = {37D7C04C-D78F-4872-91F1-BD8F7E9EF8F6}
		{2DD090E0-E24F-48BE-9E8A-65F122C63DDD} = {37D7C04C-D78F-4872-91F1-BD8F7E9EF8F6}
		{42F167F8-8A3B-4AC1-8298-67C38AF05651} = {37D7C04C-D78F-4872-91F1-BD8F7E9EF8F6}
		{47C88A81-B592-4503-924B-87789A0BB0B4} = {37D7C04C-D78F-4872-91F1-BD8F7E9EF8F6}
		{FB1DFBA5-BC0E-4A23-8F27-F33BCE739371} = {37D7C04C-D78F-4872-91F1-BD8F7E9EF8F6}
		{43E3741D-E1D5-444A-9C43-2FAE06A19F36} = {37D7C04C-D78F-4872-91F1-BD8F7E9EF8F6}
		{B4153767-EB31-41F9-B4B1-112D88A63ACB} = {37D7C04C-D78F-4872-91F1-BD8F7E9EF8F6}
		{953BED01-83F5-49E5-A6EC-61528812643A} = {37D7C04C-D78F-4872-91F1-BD8F7E9EF8F6}
		{7F2A7FAC-D9E7-418D-BDE4-C325F7AD268B} = {37D7C04C-D78F-4872-91F1-BD8F7E9EF8F6}
		{FEEC464E-CAD9-447E-83F6-7C2D8EEDDDF2} = {37D7C04C-D78F-4872-91F1-BD8F7E9EF8F6}
		{8978D9A7-BF6E-4CA2-9EB9-64737B2B9436} = {37D7C04C-D78F-4872-91F1-BD8F7E9EF8F6}
		{ABF6E90B-2D38-4EB0-B4E2-5AEDB1E8ACD2} = {37D7C04C-D78F-4872-91F1-BD8F7E9EF8F6}
		{F2C0B098-F1EA-40C2-B5C7-55FA9132D2E3} = {37D7C04C-D78F-4872-91F1-BD8F7E9EF8F6}
		{AB5A5410-B702-4F31-A4F7-6112F5BE4DFF} = {37D7C04C-D78F-4872-91F1-BD8F7E9EF8F6}
		{9A78C87C-DB6B-4A02-BBA2-4B7D2187F148} = {37D7C04C-D78F-4872-91F1-BD8F7E9EF8F6}
		{E88326E3-AAC5-4B2B-B9B6-414CB0047E02} = {37D7C04C-D78F-4872-91F1-BD8F7E9EF8F6}
		{ED350D15-C2F3-4FC2-AE59-18ABEFF8DF1D} = {37D7C04C-D78F-4872-91F1-BD8F7E9EF8F6}
		{85002D2E-481A-4F18-93AA-B2F61DD47C2B} = {ED350D15-C2F3-4FC2-AE59-18ABEFF8DF1D}
		{2F106A18-326F-4E28-A60D-587C53066AC8} = {ED350D15-C2F3-4FC2-AE59-18ABEFF8DF1D}
		{28608DE0-5B42-42AF-AEEF-A46988D8F9B4} = {37D7C04C-D78F-4872-91F1-BD8F7E9EF8F6}
		{57CD7C68-0509-4D7C-8D48-AA7F721DE1D1} = {28608DE0-5B42-42AF-AEEF-A46988D8F9B4}
		{40944ED4-D8B4-44E8-96E2-3D3FD8F8126A} = {28608DE0-5B42-42AF-AEEF-A46988D8F9B4}
	EndGlobalSection
	GlobalSection(ExtensibilityGlobals) = postSolution
		SolutionGuid = {EF58712E-106E-48EE-ADB8-28BA5B7BBCBE}
	EndGlobalSection
EndGlobal
